
Microsoft Visual Studio Solution File, Format Version 12.00
# Visual Studio 2012
Project("{FAE04EC0-301F-11D3-BF4B-00C04F79EFBC}") = "XML_Processing", "XML_Processing.csproj", "{6AD5B548-7790-42F3-8D7C-2981285682A3}"
EndProject
Global
	GlobalSection(SolutionConfigurationPlatforms) = preSolution
		Debug|Any CPU = Debug|Any CPU
		Release|Any CPU = Release|Any CPU
	EndGlobalSection
	GlobalSection(ProjectConfigurationPlatforms) = postSolution
		{6AD5B548-7790-42F3-8D7C-2981285682A3}.Debug|Any CPU.ActiveCfg = Debug|Any CPU
		{6AD5B548-7790-42F3-8D7C-2981285682A3}.Debug|Any CPU.Build.0 = Debug|Any CPU
		{6AD5B548-7790-42F3-8D7C-2981285682A3}.Release|Any CPU.ActiveCfg = Release|Any CPU
		{6AD5B548-7790-42F3-8D7C-2981285682A3}.Release|Any CPU.Build.0 = Release|Any CPU
	EndGlobalSection
EndGlobal
